
Microsoft Visual Studio Solution File, Format Version 12.00
# Visual Studio 15
VisualStudioVersion = 15.0.26730.16
MinimumVisualStudioVersion = 10.0.40219.1
Project("{FAE04EC0-301F-11D3-BF4B-00C04F79EFBC}") = "LessonSchelduer2", "LessonSchelduer2\LessonSchelduer2.csproj", "{29A24070-9256-4485-9B71-4533190EC294}"
EndProject
Global
	GlobalSection(SolutionConfigurationPlatforms) = preSolution
		Debug|Any CPU = Debug|Any CPU
		Release|Any CPU = Release|Any CPU
	EndGlobalSection
	GlobalSection(ProjectConfigurationPlatforms) = postSolution
		{29A24070-9256-4485-9B71-4533190EC294}.Debug|Any CPU.ActiveCfg = Debug|Any CPU
		{29A24070-9256-4485-9B71-4533190EC294}.Debug|Any CPU.Build.0 = Debug|Any CPU
		{29A24070-9256-4485-9B71-4533190EC294}.Release|Any CPU.ActiveCfg = Release|Any CPU
		{29A24070-9256-4485-9B71-4533190EC294}.Release|Any CPU.Build.0 = Release|Any CPU
	EndGlobalSection
	GlobalSection(SolutionProperties) = preSolution
		HideSolutionNode = FALSE
	EndGlobalSection
	GlobalSection(ExtensibilityGlobals) = postSolution
		SolutionGuid = {209005E8-9FBC-465A-A0C2-310542BC4D85}
	EndGlobalSection
EndGlobal
